{
  "name": "qianqianexam",
  "version": "0.0.0",
  "lockfileVersion": 2,
  "requires": true,
  "packages": {
    "": {
      "name": "qianqianexam",
      "version": "0.0.0",
      "dependencies": {
        "axios": "^0.21.1",
        "element-plus": "*",
        "vue": "^3.0.5",
        "vue-axios": "^3.2.4",
        "vue-router": "^4.0.6",
        "vuex": "^4.0.0"
      },
      "devDependencies": {
        "@vitejs/plugin-vue": "^1.2.2",
        "@vue/compiler-sfc": "^3.0.5",
        "vite": "^2.2.3"
      }
    },
    "node_modules/@babel/helper-validator-identifier": {
      "version": "7.14.0",
      "resolved": "http://119.3.208.112:4873/@babel%2fhelper-validator-identifier/-/helper-validator-identifier-7.14.0.tgz",
      "integrity": "sha1-0mytikfGUoaxXfFUcxml0Lzycog="
    },
    "node_modules/@babel/parser": {
      "version": "7.14.1",
      "resolved": "http://119.3.208.112:4873/@babel%2fparser/-/parser-7.14.1.tgz",
      "integrity": "sha1-G9ZEtds/V5fER52J7BgX/gK4TEc=",
      "bin": {
        "parser": "bin/babel-parser.js"
      },
      "engines": {
        "node": ">=6.0.0"
      }
    },
    "node_modules/@babel/types": {
      "version": "7.14.1",
      "resolved": "http://119.3.208.112:4873/@babel%2ftypes/-/types-7.14.1.tgz",
      "integrity": "sha1-CVvRLxwIq2Pv9uj3dF+nycwVqds=",
      "dependencies": {
        "@babel/helper-validator-identifier": "^7.14.0",
        "to-fast-properties": "^2.0.0"
      }
    },
    "node_modules/@popperjs/core": {
      "version": "2.9.2",
      "resolved": "http://119.3.208.112:4873/@popperjs%2fcore/-/core-2.9.2.tgz",
      "integrity": "sha1-rep7aVPLs0ZRdmsFSEaOdDxqI1M="
    },
    "node_modules/@types/lodash": {
      "version": "4.14.168",
      "resolved": "http://119.3.208.112:4873/@types%2flodash/-/lodash-4.14.168.tgz",
      "integrity": "sha1-/iRjLnm3rePxMoka//hsql5c4Ag="
    },
    "node_modules/@vitejs/plugin-vue": {
      "version": "1.2.2",
      "resolved": "http://119.3.208.112:4873/@vitejs%2fplugin-vue/-/plugin-vue-1.2.2.tgz",
      "integrity": "sha1-sAOPwRuQmfTNAfy/DuQZrdpBe1I=",
      "dev": true,
      "engines": {
        "node": ">=12.0.0"
      }
    },
    "node_modules/@vue/compiler-core": {
      "version": "3.0.11",
      "resolved": "http://119.3.208.112:4873/@vue%2fcompiler-core/-/compiler-core-3.0.11.tgz",
      "integrity": "sha1-XvV55G17M2uHNSKHWNHCxQWq5po=",
      "dependencies": {
        "@babel/parser": "^7.12.0",
        "@babel/types": "^7.12.0",
        "@vue/shared": "3.0.11",
        "estree-walker": "^2.0.1",
        "source-map": "^0.6.1"
      }
    },
    "node_modules/@vue/compiler-dom": {
      "version": "3.0.11",
      "resolved": "http://119.3.208.112:4873/@vue%2fcompiler-dom/-/compiler-dom-3.0.11.tgz",
      "integrity": "sha1-sV/ByQk3H9ZxdGAgulW12rSnMO4=",
      "dependencies": {
        "@vue/compiler-core": "3.0.11",
        "@vue/shared": "3.0.11"
      }
    },
    "node_modules/@vue/compiler-sfc": {
      "version": "3.0.11",
      "resolved": "http://119.3.208.112:4873/@vue%2fcompiler-sfc/-/compiler-sfc-3.0.11.tgz",
      "integrity": "sha1-zYyiFUuIlntSH1rTsQ9fi2tmVnk=",
      "dev": true,
      "dependencies": {
        "@babel/parser": "^7.13.9",
        "@babel/types": "^7.13.0",
        "@vue/compiler-core": "3.0.11",
        "@vue/compiler-dom": "3.0.11",
        "@vue/compiler-ssr": "3.0.11",
        "@vue/shared": "3.0.11",
        "consolidate": "^0.16.0",
        "estree-walker": "^2.0.1",
        "hash-sum": "^2.0.0",
        "lru-cache": "^5.1.1",
        "magic-string": "^0.25.7",
        "merge-source-map": "^1.1.0",
        "postcss": "^8.1.10",
        "postcss-modules": "^4.0.0",
        "postcss-selector-parser": "^6.0.4",
        "source-map": "^0.6.1"
      }
    },
    "node_modules/@vue/compiler-ssr": {
      "version": "3.0.11",
      "resolved": "http://119.3.208.112:4873/@vue%2fcompiler-ssr/-/compiler-ssr-3.0.11.tgz",
      "integrity": "sha1-rFoF/RJXQS+mYHnII9ggO2qImhM=",
      "dev": true,
      "dependencies": {
        "@vue/compiler-dom": "3.0.11",
        "@vue/shared": "3.0.11"
      }
    },
    "node_modules/@vue/reactivity": {
      "version": "3.0.11",
      "resolved": "http://119.3.208.112:4873/@vue%2freactivity/-/reactivity-3.0.11.tgz",
      "integrity": "sha1-B7WINJ/QViaxfzUAy+99S9tNvQs=",
      "dependencies": {
        "@vue/shared": "3.0.11"
      }
    },
    "node_modules/@vue/runtime-core": {
      "version": "3.0.11",
      "resolved": "http://119.3.208.112:4873/@vue%2fruntime-core/-/runtime-core-3.0.11.tgz",
      "integrity": "sha1-xS38as8yFUk2I1UsHCkZCAxWLkQ=",
      "dependencies": {
        "@vue/reactivity": "3.0.11",
        "@vue/shared": "3.0.11"
      }
    },
    "node_modules/@vue/runtime-dom": {
      "version": "3.0.11",
      "resolved": "http://119.3.208.112:4873/@vue%2fruntime-dom/-/runtime-dom-3.0.11.tgz",
      "integrity": "sha1-elUt8hkHlCch/raWHEGOIippkzc=",
      "dependencies": {
        "@vue/runtime-core": "3.0.11",
        "@vue/shared": "3.0.11",
        "csstype": "^2.6.8"
      }
    },
    "node_modules/@vue/shared": {
      "version": "3.0.11",
      "resolved": "http://119.3.208.112:4873/@vue%2fshared/-/shared-3.0.11.tgz",
      "integrity": "sha1-INIt0Np9NYuyHBf5vehigVJkLHc="
    },
    "node_modules/async-validator": {
      "version": "3.5.2",
      "resolved": "http://119.3.208.112:4873/async-validator/-/async-validator-3.5.2.tgz",
      "integrity": "sha1-aOhmqWgk6LJpT/eoMcGiXETV5QA="
    },
    "node_modules/axios": {
      "version": "0.21.1",
      "resolved": "http://119.3.208.112:4873/axios/-/axios-0.21.1.tgz",
      "integrity": "sha1-IlY0gZYvTWvemnbVFu8OXTwJsrg=",
      "license": "MIT",
      "dependencies": {
        "follow-redirects": "^1.10.0"
      }
    },
    "node_modules/big.js": {
      "version": "5.2.2",
      "resolved": "http://119.3.208.112:4873/big.js/-/big.js-5.2.2.tgz",
      "integrity": "sha1-ZfCvOC9Xi83HQr2cKB6cstd2gyg=",
      "dev": true,
      "engines": {
        "node": "*"
      }
    },
    "node_modules/bluebird": {
      "version": "3.7.2",
      "resolved": "http://119.3.208.112:4873/bluebird/-/bluebird-3.7.2.tgz",
      "integrity": "sha1-nyKcFb4nJFT/qXOs4NvueaGww28=",
      "dev": true
    },
    "node_modules/colorette": {
      "version": "1.2.2",
      "resolved": "http://119.3.208.112:4873/colorette/-/colorette-1.2.2.tgz",
      "integrity": "sha1-y8x51emcrqLb8Q6zom/Ys+as+pQ=",
      "dev": true
    },
    "node_modules/consolidate": {
      "version": "0.16.0",
      "resolved": "http://119.3.208.112:4873/consolidate/-/consolidate-0.16.0.tgz",
      "integrity": "sha1-oRhkdokw8vGUMWYKZZBmaPX73BY=",
      "dev": true,
      "dependencies": {
        "bluebird": "^3.7.2"
      },
      "engines": {
        "node": ">= 0.10.0"
      }
    },
    "node_modules/cssesc": {
      "version": "3.0.0",
      "resolved": "http://119.3.208.112:4873/cssesc/-/cssesc-3.0.0.tgz",
      "integrity": "sha1-N3QZGZA7hoVl4cCep0dEXNGJg+4=",
      "dev": true,
      "bin": {
        "cssesc": "bin/cssesc"
      },
      "engines": {
        "node": ">=4"
      }
    },
    "node_modules/csstype": {
      "version": "2.6.17",
      "resolved": "http://119.3.208.112:4873/csstype/-/csstype-2.6.17.tgz",
      "integrity": "sha1-TPMOuH4dGgBdi2UQ+VKSQT9qHA4="
    },
    "node_modules/dayjs": {
      "version": "1.10.4",
      "resolved": "http://119.3.208.112:4873/dayjs/-/dayjs-1.10.4.tgz",
      "integrity": "sha1-jlRKm4aD9heD9XCYCoqA6vVKseI="
    },
    "node_modules/element-plus": {
      "version": "1.0.2-beta.41",
      "resolved": "http://119.3.208.112:4873/element-plus/-/element-plus-1.0.2-beta.41.tgz",
      "integrity": "sha1-nCNLU2s0AdBCUFwAPleb1lCB8PA=",
      "dependencies": {
        "@popperjs/core": "^2.4.4",
        "@types/lodash": "^4.14.161",
        "async-validator": "^3.4.0",
        "dayjs": "1.x",
        "lodash": "^4.17.20",
        "mitt": "^2.1.0",
        "normalize-wheel": "^1.0.1",
        "resize-observer-polyfill": "^1.5.1"
      }
    },
    "node_modules/emojis-list": {
      "version": "3.0.0",
      "resolved": "http://119.3.208.112:4873/emojis-list/-/emojis-list-3.0.0.tgz",
      "integrity": "sha1-VXBmIEatKeLpFucariYKvf9Pang=",
      "dev": true,
      "engines": {
        "node": ">= 4"
      }
    },
    "node_modules/esbuild": {
      "version": "0.9.7",
      "resolved": "http://119.3.208.112:4873/esbuild/-/esbuild-0.9.7.tgz",
      "integrity": "sha1-6g1jnL5LiOwl++1Nb/AMjXiO9ws=",
      "dev": true,
      "bin": {
        "esbuild": "bin/esbuild"
      }
    },
    "node_modules/estree-walker": {
      "version": "2.0.2",
      "resolved": "http://119.3.208.112:4873/estree-walker/-/estree-walker-2.0.2.tgz",
      "integrity": "sha1-UvAQF4wqTBF6d1fP6UKtt9LaTKw="
    },
    "node_modules/follow-redirects": {
      "version": "1.14.1",
      "resolved": "http://119.3.208.112:4873/follow-redirects/-/follow-redirects-1.14.1.tgz",
      "integrity": "sha1-2RFN7Qoc/dM04WTmZirQK/2R/0M=",
      "funding": [
        {
          "type": "individual",
          "url": "https://github.com/sponsors/RubenVerborgh"
        }
      ],
      "license": "MIT",
      "engines": {
        "node": ">=4.0"
      },
      "peerDependenciesMeta": {
        "debug": {
          "optional": true
        }
      }
    },
    "node_modules/fsevents": {
      "version": "2.3.2",
      "resolved": "http://119.3.208.112:4873/fsevents/-/fsevents-2.3.2.tgz",
      "integrity": "sha1-ilJveLj99GI7cJ4Ll1xSwkwC/Ro=",
      "dev": true,
      "optional": true,
      "os": [
        "darwin"
      ],
      "engines": {
        "node": "^8.16.0 || ^10.6.0 || >=11.0.0"
      }
    },
    "node_modules/function-bind": {
      "version": "1.1.1",
      "resolved": "http://119.3.208.112:4873/function-bind/-/function-bind-1.1.1.tgz",
      "integrity": "sha1-pWiZ0+o8m6uHS7l3O3xe3pL0iV0=",
      "dev": true
    },
    "node_modules/generic-names": {
      "version": "2.0.1",
      "resolved": "http://119.3.208.112:4873/generic-names/-/generic-names-2.0.1.tgz",
      "integrity": "sha1-+KN46tLMqno08DF7BVVIMq5BuHI=",
      "dev": true,
      "dependencies": {
        "loader-utils": "^1.1.0"
      }
    },
    "node_modules/has": {
      "version": "1.0.3",
      "resolved": "http://119.3.208.112:4873/has/-/has-1.0.3.tgz",
      "integrity": "sha1-ci18v8H2qoJB8W3YFOAR4fQeh5Y=",
      "dev": true,
      "dependencies": {
        "function-bind": "^1.1.1"
      },
      "engines": {
        "node": ">= 0.4.0"
      }
    },
    "node_modules/hash-sum": {
      "version": "2.0.0",
      "resolved": "http://119.3.208.112:4873/hash-sum/-/hash-sum-2.0.0.tgz",
      "integrity": "sha1-gdAbtd6OpKIUrV1urRtSNGCwtFo=",
      "dev": true
    },
    "node_modules/icss-replace-symbols": {
      "version": "1.1.0",
      "resolved": "http://119.3.208.112:4873/icss-replace-symbols/-/icss-replace-symbols-1.1.0.tgz",
      "integrity": "sha1-Bupvg2ead0njhs/h/oEq5dsiPe0=",
      "dev": true
    },
    "node_modules/icss-utils": {
      "version": "5.1.0",
      "resolved": "http://119.3.208.112:4873/icss-utils/-/icss-utils-5.1.0.tgz",
      "integrity": "sha1-xr5oWKvQE9do6YNmrkfiXViHsa4=",
      "dev": true,
      "engines": {
        "node": "^10 || ^12 || >= 14"
      }
    },
    "node_modules/is-core-module": {
      "version": "2.3.0",
      "resolved": "http://119.3.208.112:4873/is-core-module/-/is-core-module-2.3.0.tgz",
      "integrity": "sha1-00FlLjQIvKacRnG3mglUo9NJ+Ic=",
      "dev": true,
      "dependencies": {
        "has": "^1.0.3"
      }
    },
    "node_modules/json5": {
      "version": "1.0.1",
      "resolved": "http://119.3.208.112:4873/json5/-/json5-1.0.1.tgz",
      "integrity": "sha1-d5+wAYYE+oVOrL9iUhgNg1Q+Pb4=",
      "dev": true,
      "dependencies": {
        "minimist": "^1.2.0"
      },
      "bin": {
        "json5": "lib/cli.js"
      }
    },
    "node_modules/loader-utils": {
      "version": "1.4.0",
      "resolved": "http://119.3.208.112:4873/loader-utils/-/loader-utils-1.4.0.tgz",
      "integrity": "sha1-xXm140yzSxp07cbB+za/o3HVphM=",
      "dev": true,
      "dependencies": {
        "big.js": "^5.2.2",
        "emojis-list": "^3.0.0",
        "json5": "^1.0.1"
      },
      "engines": {
        "node": ">=4.0.0"
      }
    },
    "node_modules/lodash": {
      "version": "4.17.21",
      "resolved": "http://119.3.208.112:4873/lodash/-/lodash-4.17.21.tgz",
      "integrity": "sha1-Z5WRxWTDv/quhFTPCz3zcMPWkRw="
    },
    "node_modules/lodash.camelcase": {
      "version": "4.3.0",
      "resolved": "http://119.3.208.112:4873/lodash.camelcase/-/lodash.camelcase-4.3.0.tgz",
      "integrity": "sha1-soqmKIorn8ZRA1x3EfZathkDMaY=",
      "dev": true
    },
    "node_modules/lru-cache": {
      "version": "5.1.1",
      "resolved": "http://119.3.208.112:4873/lru-cache/-/lru-cache-5.1.1.tgz",
      "integrity": "sha1-HaJ+ZxAnGUdpXa9oSOhH8B2EuSA=",
      "dev": true,
      "dependencies": {
        "yallist": "^3.0.2"
      }
    },
    "node_modules/magic-string": {
      "version": "0.25.7",
      "resolved": "http://119.3.208.112:4873/magic-string/-/magic-string-0.25.7.tgz",
      "integrity": "sha1-P0l9b9NMZpxnmNy4IfLvMfVEUFE=",
      "dev": true,
      "dependencies": {
        "sourcemap-codec": "^1.4.4"
      }
    },
    "node_modules/merge-source-map": {
      "version": "1.1.0",
      "resolved": "http://119.3.208.112:4873/merge-source-map/-/merge-source-map-1.1.0.tgz",
      "integrity": "sha1-L93n5gIJOfcJBqaPLXrmheTIxkY=",
      "dev": true,
      "dependencies": {
        "source-map": "^0.6.1"
      }
    },
    "node_modules/minimist": {
      "version": "1.2.5",
      "resolved": "http://119.3.208.112:4873/minimist/-/minimist-1.2.5.tgz",
      "integrity": "sha1-Z9ZgFLZqaoqqDAg8X9WN9OTpdgI=",
      "dev": true
    },
    "node_modules/mitt": {
      "version": "2.1.0",
      "resolved": "http://119.3.208.112:4873/mitt/-/mitt-2.1.0.tgz",
      "integrity": "sha1-90BXfCMXbGIFsSGylzUU6t4bIjA="
    },
    "node_modules/nanoid": {
      "version": "3.1.22",
      "resolved": "http://119.3.208.112:4873/nanoid/-/nanoid-3.1.22.tgz",
      "integrity": "sha1-s1+Pt9FRmQqK69WqUBXAPPcm+EQ=",
      "dev": true,
      "bin": {
        "nanoid": "bin/nanoid.cjs"
      },
      "engines": {
        "node": "^10 || ^12 || ^13.7 || ^14 || >=15.0.1"
      }
    },
    "node_modules/normalize-wheel": {
      "version": "1.0.1",
      "resolved": "http://119.3.208.112:4873/normalize-wheel/-/normalize-wheel-1.0.1.tgz",
      "integrity": "sha1-rsiGr/2wRQcNhWRH32Ls+GFG7EU="
    },
    "node_modules/path-parse": {
      "version": "1.0.6",
      "resolved": "http://119.3.208.112:4873/path-parse/-/path-parse-1.0.6.tgz",
      "integrity": "sha1-1i27VnlAXXLEc37FhgDp3c8G0kw=",
      "dev": true
    },
    "node_modules/postcss": {
      "version": "8.2.14",
      "resolved": "http://119.3.208.112:4873/postcss/-/postcss-8.2.14.tgz",
      "integrity": "sha1-3PMT64JHs86AeNBIwOgmLKVlrSs=",
      "dev": true,
      "dependencies": {
        "colorette": "^1.2.2",
        "nanoid": "^3.1.22",
        "source-map": "^0.6.1"
      },
      "engines": {
        "node": "^10 || ^12 || >=14"
      }
    },
    "node_modules/postcss-modules": {
      "version": "4.0.0",
      "resolved": "http://119.3.208.112:4873/postcss-modules/-/postcss-modules-4.0.0.tgz",
      "integrity": "sha1-K8fydquI8/Gw+t9svXdy1DtfO5s=",
      "dev": true,
      "dependencies": {
        "generic-names": "^2.0.1",
        "icss-replace-symbols": "^1.1.0",
        "lodash.camelcase": "^4.3.0",
        "postcss-modules-extract-imports": "^3.0.0",
        "postcss-modules-local-by-default": "^4.0.0",
        "postcss-modules-scope": "^3.0.0",
        "postcss-modules-values": "^4.0.0",
        "string-hash": "^1.1.1"
      }
    },
    "node_modules/postcss-modules-extract-imports": {
      "version": "3.0.0",
      "resolved": "http://119.3.208.112:4873/postcss-modules-extract-imports/-/postcss-modules-extract-imports-3.0.0.tgz",
      "integrity": "sha1-zaHwR8CugMl9vijD52pDuIAldB0=",
      "dev": true,
      "engines": {
        "node": "^10 || ^12 || >= 14"
      }
    },
    "node_modules/postcss-modules-local-by-default": {
      "version": "4.0.0",
      "resolved": "http://119.3.208.112:4873/postcss-modules-local-by-default/-/postcss-modules-local-by-default-4.0.0.tgz",
      "integrity": "sha1-67tU+uFZjuz99pGgKz/zs5ClpRw=",
      "dev": true,
      "dependencies": {
        "icss-utils": "^5.0.0",
        "postcss-selector-parser": "^6.0.2",
        "postcss-value-parser": "^4.1.0"
      },
      "engines": {
        "node": "^10 || ^12 || >= 14"
      }
    },
    "node_modules/postcss-modules-scope": {
      "version": "3.0.0",
      "resolved": "http://119.3.208.112:4873/postcss-modules-scope/-/postcss-modules-scope-3.0.0.tgz",
      "integrity": "sha1-nvMVFFbTu/oSDKRImN/Kby+gHwY=",
      "dev": true,
      "dependencies": {
        "postcss-selector-parser": "^6.0.4"
      },
      "engines": {
        "node": "^10 || ^12 || >= 14"
      }
    },
    "node_modules/postcss-modules-values": {
      "version": "4.0.0",
      "resolved": "http://119.3.208.112:4873/postcss-modules-values/-/postcss-modules-values-4.0.0.tgz",
      "integrity": "sha1-18Xn5ow7s8myfL9Iyguz/7RgLJw=",
      "dev": true,
      "dependencies": {
        "icss-utils": "^5.0.0"
      },
      "engines": {
        "node": "^10 || ^12 || >= 14"
      }
    },
    "node_modules/postcss-selector-parser": {
      "version": "6.0.5",
      "resolved": "http://119.3.208.112:4873/postcss-selector-parser/-/postcss-selector-parser-6.0.5.tgz",
      "integrity": "sha1-BC104Tfbg+bylHEglstBP1qmEsQ=",
      "dev": true,
      "dependencies": {
        "cssesc": "^3.0.0",
        "util-deprecate": "^1.0.2"
      },
      "engines": {
        "node": ">=4"
      }
    },
    "node_modules/postcss-value-parser": {
      "version": "4.1.0",
      "resolved": "http://119.3.208.112:4873/postcss-value-parser/-/postcss-value-parser-4.1.0.tgz",
      "integrity": "sha1-RD9qIM7WSBor2k+oUypuVdeJoss=",
      "dev": true
    },
    "node_modules/resize-observer-polyfill": {
      "version": "1.5.1",
      "resolved": "http://119.3.208.112:4873/resize-observer-polyfill/-/resize-observer-polyfill-1.5.1.tgz",
      "integrity": "sha1-DpAg3T0hAkRY1OvSfiPkAmmBBGQ="
    },
    "node_modules/resolve": {
      "version": "1.20.0",
      "resolved": "http://119.3.208.112:4873/resolve/-/resolve-1.20.0.tgz",
      "integrity": "sha1-YpoBP7P3B1XW8LeTXMHCxTeLGXU=",
      "dev": true,
      "dependencies": {
        "is-core-module": "^2.2.0",
        "path-parse": "^1.0.6"
      }
    },
    "node_modules/rollup": {
      "version": "2.47.0",
      "resolved": "http://119.3.208.112:4873/rollup/-/rollup-2.47.0.tgz",
      "integrity": "sha1-nZWK6ywPajg8rMBAHf8CtuJSZk0=",
      "dev": true,
      "bin": {
        "rollup": "dist/bin/rollup"
      },
      "engines": {
        "node": ">=10.0.0"
      },
      "optionalDependencies": {
        "fsevents": "~2.3.1"
      }
    },
    "node_modules/source-map": {
      "version": "0.6.1",
      "resolved": "http://119.3.208.112:4873/source-map/-/source-map-0.6.1.tgz",
      "integrity": "sha1-dHIq8y6WFOnCh6jQu95IteLxomM=",
      "engines": {
        "node": ">=0.10.0"
      }
    },
    "node_modules/sourcemap-codec": {
      "version": "1.4.8",
      "resolved": "http://119.3.208.112:4873/sourcemap-codec/-/sourcemap-codec-1.4.8.tgz",
      "integrity": "sha1-6oBL2UhXQC5pktBaOO8a41qatMQ=",
      "dev": true
    },
    "node_modules/string-hash": {
      "version": "1.1.3",
      "resolved": "http://119.3.208.112:4873/string-hash/-/string-hash-1.1.3.tgz",
      "integrity": "sha1-6Kr8CsGFW0Zmkp7X3RJ1311sgRs=",
      "dev": true
    },
    "node_modules/to-fast-properties": {
      "version": "2.0.0",
      "resolved": "http://119.3.208.112:4873/to-fast-properties/-/to-fast-properties-2.0.0.tgz",
      "integrity": "sha1-3F5pjL0HkmW8c+A3doGk5Og/YW4=",
      "engines": {
        "node": ">=4"
      }
    },
    "node_modules/util-deprecate": {
      "version": "1.0.2",
      "resolved": "http://119.3.208.112:4873/util-deprecate/-/util-deprecate-1.0.2.tgz",
      "integrity": "sha1-RQ1Nyfpw3nMnYvvS1KKJgUGaDM8=",
      "dev": true
    },
    "node_modules/vite": {
      "version": "2.2.4",
      "resolved": "http://119.3.208.112:4873/vite/-/vite-2.2.4.tgz",
      "integrity": "sha1-j5zIWqyrBMhQCFiUsIbIcX8S7RY=",
      "dev": true,
      "dependencies": {
        "esbuild": "^0.9.3",
        "postcss": "^8.2.1",
        "resolve": "^1.19.0",
        "rollup": "^2.38.5"
      },
      "bin": {
        "vite": "bin/vite.js"
      },
      "engines": {
        "node": ">=12.0.0"
      },
      "optionalDependencies": {
        "fsevents": "~2.3.1"
      }
    },
    "node_modules/vue": {
      "version": "3.0.11",
      "resolved": "http://119.3.208.112:4873/vue/-/vue-3.0.11.tgz",
      "integrity": "sha1-yC+VlMv03MhpJB1MjdPgjZqPS18=",
      "dependencies": {
        "@vue/compiler-dom": "3.0.11",
        "@vue/runtime-dom": "3.0.11",
        "@vue/shared": "3.0.11"
      }
    },
    "node_modules/vue-axios": {
      "version": "3.2.4",
      "resolved": "http://119.3.208.112:4873/vue-axios/-/vue-axios-3.2.4.tgz",
      "integrity": "sha1-IzQVjbisKg9gOqQxwmJvv212ZyQ=",
      "license": "MIT",
      "peerDependencies": {
        "axios": ">= 0.20.0",
        "vue": "^ 3.0.0 || ^ 2.0.0"
      }
    },
    "node_modules/vue-router": {
      "version": "4.0.6",
      "resolved": "http://119.3.208.112:4873/vue-router/-/vue-router-4.0.6.tgz",
      "integrity": "sha1-kXUNtQfSZkLyJbDsYGRWjl/kSNY="
    },
    "node_modules/vuex": {
      "version": "4.0.0",
      "resolved": "http://119.3.208.112:4873/vuex/-/vuex-4.0.0.tgz",
      "integrity": "sha1-rId6p2qcRTaMl5Rx5GG1INOObPU="
    },
    "node_modules/yallist": {
      "version": "3.1.1",
      "resolved": "http://119.3.208.112:4873/yallist/-/yallist-3.1.1.tgz",
      "integrity": "sha1-27fa+b/YusmrRev2ArjLrQ1dCP0=",
      "dev": true
    }
  },
  "dependencies": {
    "@babel/helper-validator-identifier": {
      "version": "7.14.0",
      "resolved": "http://119.3.208.112:4873/@babel%2fhelper-validator-identifier/-/helper-validator-identifier-7.14.0.tgz",
      "integrity": "sha1-0mytikfGUoaxXfFUcxml0Lzycog="
    },
    "@babel/parser": {
      "version": "7.14.1",
      "resolved": "http://119.3.208.112:4873/@babel%2fparser/-/parser-7.14.1.tgz",
      "integrity": "sha1-G9ZEtds/V5fER52J7BgX/gK4TEc="
    },
    "@babel/types": {
      "version": "7.14.1",
      "resolved": "http://119.3.208.112:4873/@babel%2ftypes/-/types-7.14.1.tgz",
      "integrity": "sha1-CVvRLxwIq2Pv9uj3dF+nycwVqds=",
      "requires": {
        "@babel/helper-validator-identifier": "^7.14.0",
        "to-fast-properties": "^2.0.0"
      }
    },
    "@popperjs/core": {
      "version": "2.9.2",
      "resolved": "http://119.3.208.112:4873/@popperjs%2fcore/-/core-2.9.2.tgz",
      "integrity": "sha1-rep7aVPLs0ZRdmsFSEaOdDxqI1M="
    },
    "@types/lodash": {
      "version": "4.14.168",
      "resolved": "http://119.3.208.112:4873/@types%2flodash/-/lodash-4.14.168.tgz",
      "integrity": "sha1-/iRjLnm3rePxMoka//hsql5c4Ag="
    },
    "@vitejs/plugin-vue": {
      "version": "1.2.2",
      "resolved": "http://119.3.208.112:4873/@vitejs%2fplugin-vue/-/plugin-vue-1.2.2.tgz",
      "integrity": "sha1-sAOPwRuQmfTNAfy/DuQZrdpBe1I=",
      "dev": true
    },
    "@vue/compiler-core": {
      "version": "3.0.11",
      "resolved": "http://119.3.208.112:4873/@vue%2fcompiler-core/-/compiler-core-3.0.11.tgz",
      "integrity": "sha1-XvV55G17M2uHNSKHWNHCxQWq5po=",
      "requires": {
        "@babel/parser": "^7.12.0",
        "@babel/types": "^7.12.0",
        "@vue/shared": "3.0.11",
        "estree-walker": "^2.0.1",
        "source-map": "^0.6.1"
      }
    },
    "@vue/compiler-dom": {
      "version": "3.0.11",
      "resolved": "http://119.3.208.112:4873/@vue%2fcompiler-dom/-/compiler-dom-3.0.11.tgz",
      "integrity": "sha1-sV/ByQk3H9ZxdGAgulW12rSnMO4=",
      "requires": {
        "@vue/compiler-core": "3.0.11",
        "@vue/shared": "3.0.11"
      }
    },
    "@vue/compiler-sfc": {
      "version": "3.0.11",
      "resolved": "http://119.3.208.112:4873/@vue%2fcompiler-sfc/-/compiler-sfc-3.0.11.tgz",
      "integrity": "sha1-zYyiFUuIlntSH1rTsQ9fi2tmVnk=",
      "dev": true,
      "requires": {
        "@babel/parser": "^7.13.9",
        "@babel/types": "^7.13.0",
        "@vue/compiler-core": "3.0.11",
        "@vue/compiler-dom": "3.0.11",
        "@vue/compiler-ssr": "3.0.11",
        "@vue/shared": "3.0.11",
        "consolidate": "^0.16.0",
        "estree-walker": "^2.0.1",
        "hash-sum": "^2.0.0",
        "lru-cache": "^5.1.1",
        "magic-string": "^0.25.7",
        "merge-source-map": "^1.1.0",
        "postcss": "^8.1.10",
        "postcss-modules": "^4.0.0",
        "postcss-selector-parser": "^6.0.4",
        "source-map": "^0.6.1"
      }
    },
    "@vue/compiler-ssr": {
      "version": "3.0.11",
      "resolved": "http://119.3.208.112:4873/@vue%2fcompiler-ssr/-/compiler-ssr-3.0.11.tgz",
      "integrity": "sha1-rFoF/RJXQS+mYHnII9ggO2qImhM=",
      "dev": true,
      "requires": {
        "@vue/compiler-dom": "3.0.11",
        "@vue/shared": "3.0.11"
      }
    },
    "@vue/reactivity": {
      "version": "3.0.11",
      "resolved": "http://119.3.208.112:4873/@vue%2freactivity/-/reactivity-3.0.11.tgz",
      "integrity": "sha1-B7WINJ/QViaxfzUAy+99S9tNvQs=",
      "requires": {
        "@vue/shared": "3.0.11"
      }
    },
    "@vue/runtime-core": {
      "version": "3.0.11",
      "resolved": "http://119.3.208.112:4873/@vue%2fruntime-core/-/runtime-core-3.0.11.tgz",
      "integrity": "sha1-xS38as8yFUk2I1UsHCkZCAxWLkQ=",
      "requires": {
        "@vue/reactivity": "3.0.11",
        "@vue/shared": "3.0.11"
      }
    },
    "@vue/runtime-dom": {
      "version": "3.0.11",
      "resolved": "http://119.3.208.112:4873/@vue%2fruntime-dom/-/runtime-dom-3.0.11.tgz",
      "integrity": "sha1-elUt8hkHlCch/raWHEGOIippkzc=",
      "requires": {
        "@vue/runtime-core": "3.0.11",
        "@vue/shared": "3.0.11",
        "csstype": "^2.6.8"
      }
    },
    "@vue/shared": {
      "version": "3.0.11",
      "resolved": "http://119.3.208.112:4873/@vue%2fshared/-/shared-3.0.11.tgz",
      "integrity": "sha1-INIt0Np9NYuyHBf5vehigVJkLHc="
    },
    "async-validator": {
      "version": "3.5.2",
      "resolved": "http://119.3.208.112:4873/async-validator/-/async-validator-3.5.2.tgz",
      "integrity": "sha1-aOhmqWgk6LJpT/eoMcGiXETV5QA="
    },
    "axios": {
      "version": "0.21.1",
      "resolved": "http://119.3.208.112:4873/axios/-/axios-0.21.1.tgz",
      "integrity": "sha1-IlY0gZYvTWvemnbVFu8OXTwJsrg=",
      "requires": {
        "follow-redirects": "^1.10.0"
      }
    },
    "big.js": {
      "version": "5.2.2",
      "resolved": "http://119.3.208.112:4873/big.js/-/big.js-5.2.2.tgz",
      "integrity": "sha1-ZfCvOC9Xi83HQr2cKB6cstd2gyg=",
      "dev": true
    },
    "bluebird": {
      "version": "3.7.2",
      "resolved": "http://119.3.208.112:4873/bluebird/-/bluebird-3.7.2.tgz",
      "integrity": "sha1-nyKcFb4nJFT/qXOs4NvueaGww28=",
      "dev": true
    },
    "colorette": {
      "version": "1.2.2",
      "resolved": "http://119.3.208.112:4873/colorette/-/colorette-1.2.2.tgz",
      "integrity": "sha1-y8x51emcrqLb8Q6zom/Ys+as+pQ=",
      "dev": true
    },
    "consolidate": {
      "version": "0.16.0",
      "resolved": "http://119.3.208.112:4873/consolidate/-/consolidate-0.16.0.tgz",
      "integrity": "sha1-oRhkdokw8vGUMWYKZZBmaPX73BY=",
      "dev": true,
      "requires": {
        "bluebird": "^3.7.2"
      }
    },
    "cssesc": {
      "version": "3.0.0",
      "resolved": "http://119.3.208.112:4873/cssesc/-/cssesc-3.0.0.tgz",
      "integrity": "sha1-N3QZGZA7hoVl4cCep0dEXNGJg+4=",
      "dev": true
    },
    "csstype": {
      "version": "2.6.17",
      "resolved": "http://119.3.208.112:4873/csstype/-/csstype-2.6.17.tgz",
      "integrity": "sha1-TPMOuH4dGgBdi2UQ+VKSQT9qHA4="
    },
    "dayjs": {
      "version": "1.10.4",
      "resolved": "http://119.3.208.112:4873/dayjs/-/dayjs-1.10.4.tgz",
      "integrity": "sha1-jlRKm4aD9heD9XCYCoqA6vVKseI="
    },
    "element-plus": {
      "version": "1.0.2-beta.41",
      "resolved": "http://119.3.208.112:4873/element-plus/-/element-plus-1.0.2-beta.41.tgz",
      "integrity": "sha1-nCNLU2s0AdBCUFwAPleb1lCB8PA=",
      "requires": {
        "@popperjs/core": "^2.4.4",
        "@types/lodash": "^4.14.161",
        "async-validator": "^3.4.0",
        "dayjs": "1.x",
        "lodash": "^4.17.20",
        "mitt": "^2.1.0",
        "normalize-wheel": "^1.0.1",
        "resize-observer-polyfill": "^1.5.1"
      }
    },
    "emojis-list": {
      "version": "3.0.0",
      "resolved": "http://119.3.208.112:4873/emojis-list/-/emojis-list-3.0.0.tgz",
      "integrity": "sha1-VXBmIEatKeLpFucariYKvf9Pang=",
      "dev": true
    },
    "esbuild": {
      "version": "0.9.7",
      "resolved": "http://119.3.208.112:4873/esbuild/-/esbuild-0.9.7.tgz",
      "integrity": "sha1-6g1jnL5LiOwl++1Nb/AMjXiO9ws=",
      "dev": true
    },
    "estree-walker": {
      "version": "2.0.2",
      "resolved": "http://119.3.208.112:4873/estree-walker/-/estree-walker-2.0.2.tgz",
      "integrity": "sha1-UvAQF4wqTBF6d1fP6UKtt9LaTKw="
    },
    "follow-redirects": {
      "version": "1.14.1",
      "resolved": "http://119.3.208.112:4873/follow-redirects/-/follow-redirects-1.14.1.tgz",
      "integrity": "sha1-2RFN7Qoc/dM04WTmZirQK/2R/0M="
    },
    "fsevents": {
      "version": "2.3.2",
      "resolved": "http://119.3.208.112:4873/fsevents/-/fsevents-2.3.2.tgz",
      "integrity": "sha1-ilJveLj99GI7cJ4Ll1xSwkwC/Ro=",
      "dev": true,
      "optional": true
    },
    "function-bind": {
      "version": "1.1.1",
      "resolved": "http://119.3.208.112:4873/function-bind/-/function-bind-1.1.1.tgz",
      "integrity": "sha1-pWiZ0+o8m6uHS7l3O3xe3pL0iV0=",
      "dev": true
    },
    "generic-names": {
      "version": "2.0.1",
      "resolved": "http://119.3.208.112:4873/generic-names/-/generic-names-2.0.1.tgz",
      "integrity": "sha1-+KN46tLMqno08DF7BVVIMq5BuHI=",
      "dev": true,
      "requires": {
        "loader-utils": "^1.1.0"
      }
    },
    "has": {
      "version": "1.0.3",
      "resolved": "http://119.3.208.112:4873/has/-/has-1.0.3.tgz",
      "integrity": "sha1-ci18v8H2qoJB8W3YFOAR4fQeh5Y=",
      "dev": true,
      "requires": {
        "function-bind": "^1.1.1"
      }
    },
    "hash-sum": {
      "version": "2.0.0",
      "resolved": "http://119.3.208.112:4873/hash-sum/-/hash-sum-2.0.0.tgz",
      "integrity": "sha1-gdAbtd6OpKIUrV1urRtSNGCwtFo=",
      "dev": true
    },
    "icss-replace-symbols": {
      "version": "1.1.0",
      "resolved": "http://119.3.208.112:4873/icss-replace-symbols/-/icss-replace-symbols-1.1.0.tgz",
      "integrity": "sha1-Bupvg2ead0njhs/h/oEq5dsiPe0=",
      "dev": true
    },
    "icss-utils": {
      "version": "5.1.0",
      "resolved": "http://119.3.208.112:4873/icss-utils/-/icss-utils-5.1.0.tgz",
      "integrity": "sha1-xr5oWKvQE9do6YNmrkfiXViHsa4=",
      "dev": true
    },
    "is-core-module": {
      "version": "2.3.0",
      "resolved": "http://119.3.208.112:4873/is-core-module/-/is-core-module-2.3.0.tgz",
      "integrity": "sha1-00FlLjQIvKacRnG3mglUo9NJ+Ic=",
      "dev": true,
      "requires": {
        "has": "^1.0.3"
      }
    },
    "json5": {
      "version": "1.0.1",
      "resolved": "http://119.3.208.112:4873/json5/-/json5-1.0.1.tgz",
      "integrity": "sha1-d5+wAYYE+oVOrL9iUhgNg1Q+Pb4=",
      "dev": true,
      "requires": {
        "minimist": "^1.2.0"
      }
    },
    "loader-utils": {
      "version": "1.4.0",
      "resolved": "http://119.3.208.112:4873/loader-utils/-/loader-utils-1.4.0.tgz",
      "integrity": "sha1-xXm140yzSxp07cbB+za/o3HVphM=",
      "dev": true,
      "requires": {
        "big.js": "^5.2.2",
        "emojis-list": "^3.0.0",
        "json5": "^1.0.1"
      }
    },
    "lodash": {
      "version": "4.17.21",
      "resolved": "http://119.3.208.112:4873/lodash/-/lodash-4.17.21.tgz",
      "integrity": "sha1-Z5WRxWTDv/quhFTPCz3zcMPWkRw="
    },
    "lodash.camelcase": {
      "version": "4.3.0",
      "resolved": "http://119.3.208.112:4873/lodash.camelcase/-/lodash.camelcase-4.3.0.tgz",
      "integrity": "sha1-soqmKIorn8ZRA1x3EfZathkDMaY=",
      "dev": true
    },
    "lru-cache": {
      "version": "5.1.1",
      "resolved": "http://119.3.208.112:4873/lru-cache/-/lru-cache-5.1.1.tgz",
      "integrity": "sha1-HaJ+ZxAnGUdpXa9oSOhH8B2EuSA=",
      "dev": true,
      "requires": {
        "yallist": "^3.0.2"
      }
    },
    "magic-string": {
      "version": "0.25.7",
      "resolved": "http://119.3.208.112:4873/magic-string/-/magic-string-0.25.7.tgz",
      "integrity": "sha1-P0l9b9NMZpxnmNy4IfLvMfVEUFE=",
      "dev": true,
      "requires": {
        "sourcemap-codec": "^1.4.4"
      }
    },
    "merge-source-map": {
      "version": "1.1.0",
      "resolved": "http://119.3.208.112:4873/merge-source-map/-/merge-source-map-1.1.0.tgz",
      "integrity": "sha1-L93n5gIJOfcJBqaPLXrmheTIxkY=",
      "dev": true,
      "requires": {
        "source-map": "^0.6.1"
      }
    },
    "minimist": {
      "version": "1.2.5",
      "resolved": "http://119.3.208.112:4873/minimist/-/minimist-1.2.5.tgz",
      "integrity": "sha1-Z9ZgFLZqaoqqDAg8X9WN9OTpdgI=",
      "dev": true
    },
    "mitt": {
      "version": "2.1.0",
      "resolved": "http://119.3.208.112:4873/mitt/-/mitt-2.1.0.tgz",
      "integrity": "sha1-90BXfCMXbGIFsSGylzUU6t4bIjA="
    },
    "nanoid": {
      "version": "3.1.22",
      "resolved": "http://119.3.208.112:4873/nanoid/-/nanoid-3.1.22.tgz",
      "integrity": "sha1-s1+Pt9FRmQqK69WqUBXAPPcm+EQ=",
      "dev": true
    },
    "normalize-wheel": {
      "version": "1.0.1",
      "resolved": "http://119.3.208.112:4873/normalize-wheel/-/normalize-wheel-1.0.1.tgz",
      "integrity": "sha1-rsiGr/2wRQcNhWRH32Ls+GFG7EU="
    },
    "path-parse": {
      "version": "1.0.6",
      "resolved": "http://119.3.208.112:4873/path-parse/-/path-parse-1.0.6.tgz",
      "integrity": "sha1-1i27VnlAXXLEc37FhgDp3c8G0kw=",
      "dev": true
    },
    "postcss": {
      "version": "8.2.14",
      "resolved": "http://119.3.208.112:4873/postcss/-/postcss-8.2.14.tgz",
      "integrity": "sha1-3PMT64JHs86AeNBIwOgmLKVlrSs=",
      "dev": true,
      "requires": {
        "colorette": "^1.2.2",
        "nanoid": "^3.1.22",
        "source-map": "^0.6.1"
      }
    },
    "postcss-modules": {
      "version": "4.0.0",
      "resolved": "http://119.3.208.112:4873/postcss-modules/-/postcss-modules-4.0.0.tgz",
      "integrity": "sha1-K8fydquI8/Gw+t9svXdy1DtfO5s=",
      "dev": true,
      "requires": {
        "generic-names": "^2.0.1",
        "icss-replace-symbols": "^1.1.0",
        "lodash.camelcase": "^4.3.0",
        "postcss-modules-extract-imports": "^3.0.0",
        "postcss-modules-local-by-default": "^4.0.0",
        "postcss-modules-scope": "^3.0.0",
        "postcss-modules-values": "^4.0.0",
        "string-hash": "^1.1.1"
      }
    },
    "postcss-modules-extract-imports": {
      "version": "3.0.0",
      "resolved": "http://119.3.208.112:4873/postcss-modules-extract-imports/-/postcss-modules-extract-imports-3.0.0.tgz",
      "integrity": "sha1-zaHwR8CugMl9vijD52pDuIAldB0=",
      "dev": true
    },
    "postcss-modules-local-by-default": {
      "version": "4.0.0",
      "resolved": "http://119.3.208.112:4873/postcss-modules-local-by-default/-/postcss-modules-local-by-default-4.0.0.tgz",
      "integrity": "sha1-67tU+uFZjuz99pGgKz/zs5ClpRw=",
      "dev": true,
      "requires": {
        "icss-utils": "^5.0.0",
        "postcss-selector-parser": "^6.0.2",
        "postcss-value-parser": "^4.1.0"
      }
    },
    "postcss-modules-scope": {
      "version": "3.0.0",
      "resolved": "http://119.3.208.112:4873/postcss-modules-scope/-/postcss-modules-scope-3.0.0.tgz",
      "integrity": "sha1-nvMVFFbTu/oSDKRImN/Kby+gHwY=",
      "dev": true,
      "requires": {
        "postcss-selector-parser": "^6.0.4"
      }
    },
    "postcss-modules-values": {
      "version": "4.0.0",
      "resolved": "http://119.3.208.112:4873/postcss-modules-values/-/postcss-modules-values-4.0.0.tgz",
      "integrity": "sha1-18Xn5ow7s8myfL9Iyguz/7RgLJw=",
      "dev": true,
      "requires": {
        "icss-utils": "^5.0.0"
      }
    },
    "postcss-selector-parser": {
      "version": "6.0.5",
      "resolved": "http://119.3.208.112:4873/postcss-selector-parser/-/postcss-selector-parser-6.0.5.tgz",
      "integrity": "sha1-BC104Tfbg+bylHEglstBP1qmEsQ=",
      "dev": true,
      "requires": {
        "cssesc": "^3.0.0",
        "util-deprecate": "^1.0.2"
      }
    },
    "postcss-value-parser": {
      "version": "4.1.0",
      "resolved": "http://119.3.208.112:4873/postcss-value-parser/-/postcss-value-parser-4.1.0.tgz",
      "integrity": "sha1-RD9qIM7WSBor2k+oUypuVdeJoss=",
      "dev": true
    },
    "resize-observer-polyfill": {
      "version": "1.5.1",
      "resolved": "http://119.3.208.112:4873/resize-observer-polyfill/-/resize-observer-polyfill-1.5.1.tgz",
      "integrity": "sha1-DpAg3T0hAkRY1OvSfiPkAmmBBGQ="
    },
    "resolve": {
      "version": "1.20.0",
      "resolved": "http://119.3.208.112:4873/resolve/-/resolve-1.20.0.tgz",
      "integrity": "sha1-YpoBP7P3B1XW8LeTXMHCxTeLGXU=",
      "dev": true,
      "requires": {
        "is-core-module": "^2.2.0",
        "path-parse": "^1.0.6"
      }
    },
    "rollup": {
      "version": "2.47.0",
      "resolved": "http://119.3.208.112:4873/rollup/-/rollup-2.47.0.tgz",
      "integrity": "sha1-nZWK6ywPajg8rMBAHf8CtuJSZk0=",
      "dev": true,
      "requires": {
        "fsevents": "~2.3.1"
      }
    },
    "source-map": {
      "version": "0.6.1",
      "resolved": "http://119.3.208.112:4873/source-map/-/source-map-0.6.1.tgz",
      "integrity": "sha1-dHIq8y6WFOnCh6jQu95IteLxomM="
    },
    "sourcemap-codec": {
      "version": "1.4.8",
      "resolved": "http://119.3.208.112:4873/sourcemap-codec/-/sourcemap-codec-1.4.8.tgz",
      "integrity": "sha1-6oBL2UhXQC5pktBaOO8a41qatMQ=",
      "dev": true
    },
    "string-hash": {
      "version": "1.1.3",
      "resolved": "http://119.3.208.112:4873/string-hash/-/string-hash-1.1.3.tgz",
      "integrity": "sha1-6Kr8CsGFW0Zmkp7X3RJ1311sgRs=",
      "dev": true
    },
    "to-fast-properties": {
      "version": "2.0.0",
      "resolved": "http://119.3.208.112:4873/to-fast-properties/-/to-fast-properties-2.0.0.tgz",
      "integrity": "sha1-3F5pjL0HkmW8c+A3doGk5Og/YW4="
    },
    "util-deprecate": {
      "version": "1.0.2",
      "resolved": "http://119.3.208.112:4873/util-deprecate/-/util-deprecate-1.0.2.tgz",
      "integrity": "sha1-RQ1Nyfpw3nMnYvvS1KKJgUGaDM8=",
      "dev": true
    },
    "vite": {
      "version": "2.2.4",
      "resolved": "http://119.3.208.112:4873/vite/-/vite-2.2.4.tgz",
      "integrity": "sha1-j5zIWqyrBMhQCFiUsIbIcX8S7RY=",
      "dev": true,
      "requires": {
        "esbuild": "^0.9.3",
        "fsevents": "~2.3.1",
        "postcss": "^8.2.1",
        "resolve": "^1.19.0",
        "rollup": "^2.38.5"
      }
    },
    "vue": {
      "version": "3.0.11",
      "resolved": "http://119.3.208.112:4873/vue/-/vue-3.0.11.tgz",
      "integrity": "sha1-yC+VlMv03MhpJB1MjdPgjZqPS18=",
      "requires": {
        "@vue/compiler-dom": "3.0.11",
        "@vue/runtime-dom": "3.0.11",
        "@vue/shared": "3.0.11"
      }
    },
    "vue-axios": {
      "version": "3.2.4",
      "resolved": "http://119.3.208.112:4873/vue-axios/-/vue-axios-3.2.4.tgz",
      "integrity": "sha1-IzQVjbisKg9gOqQxwmJvv212ZyQ=",
      "requires": {}
    },
    "vue-router": {
      "version": "4.0.6",
      "resolved": "http://119.3.208.112:4873/vue-router/-/vue-router-4.0.6.tgz",
      "integrity": "sha1-kXUNtQfSZkLyJbDsYGRWjl/kSNY="
    },
    "vuex": {
      "version": "4.0.0",
      "resolved": "http://119.3.208.112:4873/vuex/-/vuex-4.0.0.tgz",
      "integrity": "sha1-rId6p2qcRTaMl5Rx5GG1INOObPU="
    },
    "yallist": {
      "version": "3.1.1",
      "resolved": "http://119.3.208.112:4873/yallist/-/yallist-3.1.1.tgz",
      "integrity": "sha1-27fa+b/YusmrRev2ArjLrQ1dCP0=",
      "dev": true
    }
  }
}
